{
    "_readme": [
        "This file locks the dependencies of your project to a known state",
        "Read more about it at http://getcomposer.org/doc/01-basic-usage.md#composer-lock-the-lock-file"
    ],
    "hash": "4eb7a87768e11acefe5c40ade2496111",
    "packages": [
        {
            "name": "fightbulc/php_curl",
            "version": "1.0.0",
            "source": {
                "type": "git",
                "url": "https://github.com/fightbulc/php_curl.git",
                "reference": "bb35c3918e1e9e4015f6ec246d5589aafa7068ab"
            },
            "dist": {
                "type": "zip",
                "url": "https://api.github.com/repos/fightbulc/php_curl/zipball/bb35c3918e1e9e4015f6ec246d5589aafa7068ab",
                "reference": "bb35c3918e1e9e4015f6ec246d5589aafa7068ab",
                "shasum": ""
            },
            "require": {
                "php": ">=5.3.3"
            },
            "type": "library",
            "autoload": {
                "classmap": [
                    "src/"
                ]
            },
            "notification-url": "https://packagist.org/downloads/",
            "license": [
                "GPL-3.0"
            ],
            "authors": [
                {
                    "name": "BauerUK",
                    "homepage": "https://github.com/BauerUK"
                }
            ],
            "description": "PHP CURL as object-oriented implementation.",
            "homepage": "https://github.com/fightbulc/php_curl",
            "time": "2012-10-22 00:29:11"
        }
    ],
    "packages-dev": [

    ],
    "aliases": [

    ],
    "minimum-stability": "stable",
    "stability-flags": [

    ],
    "platform": {
        "php": ">=5.4"
    },
    "platform-dev": [

    ]
}
